
Microsoft Visual Studio Solution File, Format Version 12.00
# Visual Studio 15
VisualStudioVersion = 15.0.28010.2026
MinimumVisualStudioVersion = 10.0.40219.1
Project("{8BC9CEB8-8B4A-11D0-8D11-00A0C91BC942}") = "Map_RB_tree", "Map_RB_tree\Map_RB_tree.vcxproj", "{B728D857-9602-4394-A621-6ED5533B832B}"
EndProject
Project("{8BC9CEB8-8B4A-11D0-8D11-00A0C91BC942}") = "Map_tests", "Map_tests\Map_tests.vcxproj", "{A75D7C4A-7AE0-41FF-B887-EF4F08646EF6}"
EndProject
Global
	GlobalSection(SolutionConfigurationPlatforms) = preSolution
		Debug|x64 = Debug|x64
		Debug|x86 = Debug|x86
		Release|x64 = Release|x64
		Release|x86 = Release|x86
	EndGlobalSection
	GlobalSection(ProjectConfigurationPlatforms) = postSolution
		{B728D857-9602-4394-A621-6ED5533B832B}.Debug|x64.ActiveCfg = Debug|x64
		{B728D857-9602-4394-A621-6ED5533B832B}.Debug|x64.Build.0 = Debug|x64
		{B728D857-9602-4394-A621-6ED5533B832B}.Debug|x86.ActiveCfg = Debug|Win32
		{B728D857-9602-4394-A621-6ED5533B832B}.Debug|x86.Build.0 = Debug|Win32
		{B728D857-9602-4394-A621-6ED5533B832B}.Release|x64.ActiveCfg = Release|x64
		{B728D857-9602-4394-A621-6ED5533B832B}.Release|x64.Build.0 = Release|x64
		{B728D857-9602-4394-A621-6ED5533B832B}.Release|x86.ActiveCfg = Release|Win32
		{B728D857-9602-4394-A621-6ED5533B832B}.Release|x86.Build.0 = Release|Win32
		{A75D7C4A-7AE0-41FF-B887-EF4F08646EF6}.Debug|x64.ActiveCfg = Debug|x64
		{A75D7C4A-7AE0-41FF-B887-EF4F08646EF6}.Debug|x64.Build.0 = Debug|x64
		{A75D7C4A-7AE0-41FF-B887-EF4F08646EF6}.Debug|x86.ActiveCfg = Debug|Win32
		{A75D7C4A-7AE0-41FF-B887-EF4F08646EF6}.Debug|x86.Build.0 = Debug|Win32
		{A75D7C4A-7AE0-41FF-B887-EF4F08646EF6}.Release|x64.ActiveCfg = Release|x64
		{A75D7C4A-7AE0-41FF-B887-EF4F08646EF6}.Release|x64.Build.0 = Release|x64
		{A75D7C4A-7AE0-41FF-B887-EF4F08646EF6}.Release|x86.ActiveCfg = Release|Win32
		{A75D7C4A-7AE0-41FF-B887-EF4F08646EF6}.Release|x86.Build.0 = Release|Win32
	EndGlobalSection
	GlobalSection(SolutionProperties) = preSolution
		HideSolutionNode = FALSE
	EndGlobalSection
	GlobalSection(ExtensibilityGlobals) = postSolution
		SolutionGuid = {49310270-D6BA-4DF4-8FFC-A637981ED031}
	EndGlobalSection
EndGlobal
